# This file is automatically @generated by Cargo.
# It is not intended for manual editing.
version = 3

[[package]]
name = "brainfuck-optimiser"
version = "0.1.0"
dependencies = [
 "nibbler",
]

[[package]]
name = "nibbler"
version = "0.1.0"
source = "git+https://github.com/Violet-Codes/nibbler#40359bf6d122fdb869bd0ac5c18a8235d6245e4e"
